version: v2
locks:
  f/testing/monkeys+bf08da041d2f4a91bf61ae469506869199e88abe633cc33254394fb816824de3: bf08da041d2f4a91bf61ae469506869199e88abe633cc33254394fb816824de3
  f/testing/monkeys+c7bd1afe8cfd2601d94f273488cbf722fa4558461f930bb75fb5f5a31a4c89df: c7bd1afe8cfd2601d94f273488cbf722fa4558461f930bb75fb5f5a31a4c89df
